// !$*UTF8*$!
{
	archiveVersion = 1;
	classes = {
	};
	objectVersion = 50;
	objects = {

/* Begin PBXBuildFile section */
		23B9621D22BBD7BB0084B348 /* NGForecastDetailViewController.m in Sources */ = {isa = PBXBuildFile; fileRef = 23B9621C22BBD7BB0084B348 /* NGForecastDetailViewController.m */; };
		23B994B922BA7EBC005D82E8 /* AppDelegate.m in Sources */ = {isa = PBXBuildFile; fileRef = 23B994B822BA7EBC005D82E8 /* AppDelegate.m */; };
		23B994BC22BA7EBC005D82E8 /* NGDaysCollectionViewController.m in Sources */ = {isa = PBXBuildFile; fileRef = 23B994BB22BA7EBC005D82E8 /* NGDaysCollectionViewController.m */; };
		23B994C422BA7EBE005D82E8 /* Assets.xcassets in Resources */ = {isa = PBXBuildFile; fileRef = 23B994C322BA7EBE005D82E8 /* Assets.xcassets */; };
		23B994C722BA7EBE005D82E8 /* LaunchScreen.storyboard in Resources */ = {isa = PBXBuildFile; fileRef = 23B994C522BA7EBE005D82E8 /* LaunchScreen.storyboard */; };
		23B994CA22BA7EBE005D82E8 /* main.m in Sources */ = {isa = PBXBuildFile; fileRef = 23B994C922BA7EBE005D82E8 /* main.m */; };
		23B994D422BA7EBE005D82E8 /* weatherTests.m in Sources */ = {isa = PBXBuildFile; fileRef = 23B994D322BA7EBE005D82E8 /* weatherTests.m */; };
		23B994E822BAA7DE005D82E8 /* NGDailyForecast+CoreDataClass.m in Sources */ = {isa = PBXBuildFile; fileRef = 23B994E622BAA7DE005D82E8 /* NGDailyForecast+CoreDataClass.m */; };
		23B994E922BAA7DE005D82E8 /* NGDailyForecast+CoreDataProperties.m in Sources */ = {isa = PBXBuildFile; fileRef = 23B994E722BAA7DE005D82E8 /* NGDailyForecast+CoreDataProperties.m */; };
		23B994EF22BAC060005D82E8 /* weather.xcdatamodeld in Sources */ = {isa = PBXBuildFile; fileRef = 23B994C022BA7EBC005D82E8 /* weather.xcdatamodeld */; };
		23B994FA22BADA22005D82E8 /* NGDaysCollectionViewCell.m in Sources */ = {isa = PBXBuildFile; fileRef = 23B994F922BADA22005D82E8 /* NGDaysCollectionViewCell.m */; };
		23D02EA222BC107B00672F94 /* NGPushAnimator.m in Sources */ = {isa = PBXBuildFile; fileRef = 23D02EA122BC107B00672F94 /* NGPushAnimator.m */; };
/* End PBXBuildFile section */

/* Begin PBXContainerItemProxy section */
		23B994D022BA7EBE005D82E8 /* PBXContainerItemProxy */ = {
			isa = PBXContainerItemProxy;
			containerPortal = 23B994AC22BA7EBC005D82E8 /* Project object */;
			proxyType = 1;
			remoteGlobalIDString = 23B994B322BA7EBC005D82E8;
			remoteInfo = weather;
		};
/* End PBXContainerItemProxy section */

/* Begin PBXFileReference section */
		23B9621B22BBD7BB0084B348 /* NGForecastDetailViewController.h */ = {isa = PBXFileReference; lastKnownFileType = sourcecode.c.h; path = NGForecastDetailViewController.h; sourceTree = "<group>"; };
		23B9621C22BBD7BB0084B348 /* NGForecastDetailViewController.m */ = {isa = PBXFileReference; lastKnownFileType = sourcecode.c.objc; path = NGForecastDetailViewController.m; sourceTree = "<group>"; };
		23B994B422BA7EBC005D82E8 /* weather.app */ = {isa = PBXFileReference; explicitFileType = wrapper.application; includeInIndex = 0; path = weather.app; sourceTree = BUILT_PRODUCTS_DIR; };
		23B994B722BA7EBC005D82E8 /* AppDelegate.h */ = {isa = PBXFileReference; lastKnownFileType = sourcecode.c.h; path = AppDelegate.h; sourceTree = "<group>"; };
		23B994B822BA7EBC005D82E8 /* AppDelegate.m */ = {isa = PBXFileReference; lastKnownFileType = sourcecode.c.objc; path = AppDelegate.m; sourceTree = "<group>"; };
		23B994BA22BA7EBC005D82E8 /* NGDaysCollectionViewController.h */ = {isa = PBXFileReference; lastKnownFileType = sourcecode.c.h; path = NGDaysCollectionViewController.h; sourceTree = "<group>"; };
		23B994BB22BA7EBC005D82E8 /* NGDaysCollectionViewController.m */ = {isa = PBXFileReference; lastKnownFileType = sourcecode.c.objc; path = NGDaysCollectionViewController.m; sourceTree = "<group>"; };
		23B994C122BA7EBC005D82E8 /* weather.xcdatamodel */ = {isa = PBXFileReference; lastKnownFileType = wrapper.xcdatamodel; path = weather.xcdatamodel; sourceTree = "<group>"; };
		23B994C322BA7EBE005D82E8 /* Assets.xcassets */ = {isa = PBXFileReference; lastKnownFileType = folder.assetcatalog; path = Assets.xcassets; sourceTree = "<group>"; };
		23B994C622BA7EBE005D82E8 /* Base */ = {isa = PBXFileReference; lastKnownFileType = file.storyboard; name = Base; path = Base.lproj/LaunchScreen.storyboard; sourceTree = "<group>"; };
		23B994C822BA7EBE005D82E8 /* Info.plist */ = {isa = PBXFileReference; lastKnownFileType = text.plist.xml; path = Info.plist; sourceTree = "<group>"; };
		23B994C922BA7EBE005D82E8 /* main.m */ = {isa = PBXFileReference; lastKnownFileType = sourcecode.c.objc; path = main.m; sourceTree = "<group>"; };
		23B994CF22BA7EBE005D82E8 /* weatherTests.xctest */ = {isa = PBXFileReference; explicitFileType = wrapper.cfbundle; includeInIndex = 0; path = weatherTests.xctest; sourceTree = BUILT_PRODUCTS_DIR; };
		23B994D322BA7EBE005D82E8 /* weatherTests.m */ = {isa = PBXFileReference; lastKnownFileType = sourcecode.c.objc; path = weatherTests.m; sourceTree = "<group>"; };
		23B994D522BA7EBE005D82E8 /* Info.plist */ = {isa = PBXFileReference; lastKnownFileType = text.plist.xml; path = Info.plist; sourceTree = "<group>"; };
		23B994E422BAA7DE005D82E8 /* NGDailyForecast+CoreDataProperties.h */ = {isa = PBXFileReference; lastKnownFileType = sourcecode.c.h; path = "NGDailyForecast+CoreDataProperties.h"; sourceTree = "<group>"; };
		23B994E522BAA7DE005D82E8 /* NGDailyForecast+CoreDataClass.h */ = {isa = PBXFileReference; lastKnownFileType = sourcecode.c.h; path = "NGDailyForecast+CoreDataClass.h"; sourceTree = "<group>"; };
		23B994E622BAA7DE005D82E8 /* NGDailyForecast+CoreDataClass.m */ = {isa = PBXFileReference; lastKnownFileType = sourcecode.c.objc; path = "NGDailyForecast+CoreDataClass.m"; sourceTree = "<group>"; };
		23B994E722BAA7DE005D82E8 /* NGDailyForecast+CoreDataProperties.m */ = {isa = PBXFileReference; lastKnownFileType = sourcecode.c.objc; path = "NGDailyForecast+CoreDataProperties.m"; sourceTree = "<group>"; };
		23B994F822BADA22005D82E8 /* NGDaysCollectionViewCell.h */ = {isa = PBXFileReference; fileEncoding = 4; lastKnownFileType = sourcecode.c.h; path = NGDaysCollectionViewCell.h; sourceTree = "<group>"; };
		23B994F922BADA22005D82E8 /* NGDaysCollectionViewCell.m */ = {isa = PBXFileReference; fileEncoding = 4; lastKnownFileType = sourcecode.c.objc; path = NGDaysCollectionViewCell.m; sourceTree = "<group>"; };
		23D02E9F22BBF63E00672F94 /* NGDailyForecastProtocol.h */ = {isa = PBXFileReference; lastKnownFileType = sourcecode.c.h; path = NGDailyForecastProtocol.h; sourceTree = "<group>"; };
		23D02EA022BC107B00672F94 /* NGPushAnimator.h */ = {isa = PBXFileReference; lastKnownFileType = sourcecode.c.h; path = NGPushAnimator.h; sourceTree = "<group>"; };
		23D02EA122BC107B00672F94 /* NGPushAnimator.m */ = {isa = PBXFileReference; lastKnownFileType = sourcecode.c.objc; path = NGPushAnimator.m; sourceTree = "<group>"; };
/* End PBXFileReference section */

/* Begin PBXFrameworksBuildPhase section */
		23B994B122BA7EBC005D82E8 /* Frameworks */ = {
			isa = PBXFrameworksBuildPhase;
			buildActionMask = 2147483647;
			files = (
			);
			runOnlyForDeploymentPostprocessing = 0;
		};
		23B994CC22BA7EBE005D82E8 /* Frameworks */ = {
			isa = PBXFrameworksBuildPhase;
			buildActionMask = 2147483647;
			files = (
			);
			runOnlyForDeploymentPostprocessing = 0;
		};
/* End PBXFrameworksBuildPhase section */

/* Begin PBXGroup section */
		23B994AB22BA7EBC005D82E8 = {
			isa = PBXGroup;
			children = (
				23B994B622BA7EBC005D82E8 /* weather */,
				23B994D222BA7EBE005D82E8 /* weatherTests */,
				23B994B522BA7EBC005D82E8 /* Products */,
			);
			sourceTree = "<group>";
		};
		23B994B522BA7EBC005D82E8 /* Products */ = {
			isa = PBXGroup;
			children = (
				23B994B422BA7EBC005D82E8 /* weather.app */,
				23B994CF22BA7EBE005D82E8 /* weatherTests.xctest */,
			);
			name = Products;
			sourceTree = "<group>";
		};
		23B994B622BA7EBC005D82E8 /* weather */ = {
			isa = PBXGroup;
			children = (
				23D02EA622BC304E00672F94 /* Misc */,
				23B994E322BAA7C0005D82E8 /* Model */,
				23B994E222BA8228005D82E8 /* View Controllers */,
				23B994E122BA8218005D82E8 /* Views */,
				23B994B722BA7EBC005D82E8 /* AppDelegate.h */,
				23B994B822BA7EBC005D82E8 /* AppDelegate.m */,
				23B994C322BA7EBE005D82E8 /* Assets.xcassets */,
				23B994C522BA7EBE005D82E8 /* LaunchScreen.storyboard */,
				23B994C822BA7EBE005D82E8 /* Info.plist */,
				23B994C922BA7EBE005D82E8 /* main.m */,
				23B994C022BA7EBC005D82E8 /* weather.xcdatamodeld */,
			);
			path = weather;
			sourceTree = "<group>";
		};
		23B994D222BA7EBE005D82E8 /* weatherTests */ = {
			isa = PBXGroup;
			children = (
				23B994D322BA7EBE005D82E8 /* weatherTests.m */,
				23B994D522BA7EBE005D82E8 /* Info.plist */,
			);
			path = weatherTests;
			sourceTree = "<group>";
		};
		23B994E122BA8218005D82E8 /* Views */ = {
			isa = PBXGroup;
			children = (
				23B994F822BADA22005D82E8 /* NGDaysCollectionViewCell.h */,
				23B994F922BADA22005D82E8 /* NGDaysCollectionViewCell.m */,
			);
			path = Views;
			sourceTree = "<group>";
		};
		23B994E222BA8228005D82E8 /* View Controllers */ = {
			isa = PBXGroup;
			children = (
				23B994BA22BA7EBC005D82E8 /* NGDaysCollectionViewController.h */,
				23B994BB22BA7EBC005D82E8 /* NGDaysCollectionViewController.m */,
				23B9621B22BBD7BB0084B348 /* NGForecastDetailViewController.h */,
				23B9621C22BBD7BB0084B348 /* NGForecastDetailViewController.m */,
			);
			path = "View Controllers";
			sourceTree = "<group>";
		};
		23B994E322BAA7C0005D82E8 /* Model */ = {
			isa = PBXGroup;
			children = (
				23B994E522BAA7DE005D82E8 /* NGDailyForecast+CoreDataClass.h */,
				23B994E622BAA7DE005D82E8 /* NGDailyForecast+CoreDataClass.m */,
				23B994E422BAA7DE005D82E8 /* NGDailyForecast+CoreDataProperties.h */,
				23B994E722BAA7DE005D82E8 /* NGDailyForecast+CoreDataProperties.m */,
				23D02E9F22BBF63E00672F94 /* NGDailyForecastProtocol.h */,
			);
			path = Model;
			sourceTree = "<group>";
		};
		23D02EA622BC304E00672F94 /* Misc */ = {
			isa = PBXGroup;
			children = (
				23D02EA022BC107B00672F94 /* NGPushAnimator.h */,
				23D02EA122BC107B00672F94 /* NGPushAnimator.m */,
			);
			path = Misc;
			sourceTree = "<group>";
		};
/* End PBXGroup section */

/* Begin PBXNativeTarget section */
		23B994B322BA7EBC005D82E8 /* weather */ = {
			isa = PBXNativeTarget;
			buildConfigurationList = 23B994D822BA7EBE005D82E8 /* Build configuration list for PBXNativeTarget "weather" */;
			buildPhases = (
				23B994B022BA7EBC005D82E8 /* Sources */,
				23B994B122BA7EBC005D82E8 /* Frameworks */,
				23B994B222BA7EBC005D82E8 /* Resources */,
			);
			buildRules = (
			);
			dependencies = (
			);
			name = weather;
			productName = weather;
			productReference = 23B994B422BA7EBC005D82E8 /* weather.app */;
			productType = "com.apple.product-type.application";
		};
		23B994CE22BA7EBE005D82E8 /* weatherTests */ = {
			isa = PBXNativeTarget;
			buildConfigurationList = 23B994DB22BA7EBE005D82E8 /* Build configuration list for PBXNativeTarget "weatherTests" */;
			buildPhases = (
				23B994CB22BA7EBE005D82E8 /* Sources */,
				23B994CC22BA7EBE005D82E8 /* Frameworks */,
				23B994CD22BA7EBE005D82E8 /* Resources */,
			);
			buildRules = (
			);
			dependencies = (
				23B994D122BA7EBE005D82E8 /* PBXTargetDependency */,
			);
			name = weatherTests;
			productName = weatherTests;
			productReference = 23B994CF22BA7EBE005D82E8 /* weatherTests.xctest */;
			productType = "com.apple.product-type.bundle.unit-test";
		};
/* End PBXNativeTarget section */

/* Begin PBXProject section */
		23B994AC22BA7EBC005D82E8 /* Project object */ = {
			isa = PBXProject;
			attributes = {
				LastUpgradeCheck = 1020;
				ORGANIZATIONNAME = Rockshassa;
				TargetAttributes = {
					23B994B322BA7EBC005D82E8 = {
						CreatedOnToolsVersion = 10.2.1;
					};
					23B994CE22BA7EBE005D82E8 = {
						CreatedOnToolsVersion = 10.2.1;
						TestTargetID = 23B994B322BA7EBC005D82E8;
					};
				};
			};
			buildConfigurationList = 23B994AF22BA7EBC005D82E8 /* Build configuration list for PBXProject "weather" */;
			compatibilityVersion = "Xcode 9.3";
			developmentRegion = en;
			hasScannedForEncodings = 0;
			knownRegions = (
				en,
				Base,
			);
			mainGroup = 23B994AB22BA7EBC005D82E8;
			productRefGroup = 23B994B522BA7EBC005D82E8 /* Products */;
			projectDirPath = "";
			projectRoot = "";
			targets = (
				23B994B322BA7EBC005D82E8 /* weather */,
				23B994CE22BA7EBE005D82E8 /* weatherTests */,
			);
		};
/* End PBXProject section */

/* Begin PBXResourcesBuildPhase section */
		23B994B222BA7EBC005D82E8 /* Resources */ = {
			isa = PBXResourcesBuildPhase;
			buildActionMask = 2147483647;
			files = (
				23B994C722BA7EBE005D82E8 /* LaunchScreen.storyboard in Resources */,
				23B994C422BA7EBE005D82E8 /* Assets.xcassets in Resources */,
			);
			runOnlyForDeploymentPostprocessing = 0;
		};
		23B994CD22BA7EBE005D82E8 /* Resources */ = {
			isa = PBXResourcesBuildPhase;
			buildActionMask = 2147483647;
			files = (
			);
			runOnlyForDeploymentPostprocessing = 0;
		};
/* End PBXResourcesBuildPhase section */

/* Begin PBXSourcesBuildPhase section */
		23B994B022BA7EBC005D82E8 /* Sources */ = {
			isa = PBXSourcesBuildPhase;
			buildActionMask = 2147483647;
			files = (
				23B994E922BAA7DE005D82E8 /* NGDailyForecast+CoreDataProperties.m in Sources */,
				23D02EA222BC107B00672F94 /* NGPushAnimator.m in Sources */,
				23B994BC22BA7EBC005D82E8 /* NGDaysCollectionViewController.m in Sources */,
				23B9621D22BBD7BB0084B348 /* NGForecastDetailViewController.m in Sources */,
				23B994CA22BA7EBE005D82E8 /* main.m in Sources */,
				23B994B922BA7EBC005D82E8 /* AppDelegate.m in Sources */,
				23B994EF22BAC060005D82E8 /* weather.xcdatamodeld in Sources */,
				23B994E822BAA7DE005D82E8 /* NGDailyForecast+CoreDataClass.m in Sources */,
				23B994FA22BADA22005D82E8 /* NGDaysCollectionViewCell.m in Sources */,
			);
			runOnlyForDeploymentPostprocessing = 0;
		};
		23B994CB22BA7EBE005D82E8 /* Sources */ = {
			isa = PBXSourcesBuildPhase;
			buildActionMask = 2147483647;
			files = (
				23B994D422BA7EBE005D82E8 /* weatherTests.m in Sources */,
			);
			runOnlyForDeploymentPostprocessing = 0;
		};
/* End PBXSourcesBuildPhase section */

/* Begin PBXTargetDependency section */
		23B994D122BA7EBE005D82E8 /* PBXTargetDependency */ = {
			isa = PBXTargetDependency;
			target = 23B994B322BA7EBC005D82E8 /* weather */;
			targetProxy = 23B994D022BA7EBE005D82E8 /* PBXContainerItemProxy */;
		};
/* End PBXTargetDependency section */

/* Begin PBXVariantGroup section */
		23B994C522BA7EBE005D82E8 /* LaunchScreen.storyboard */ = {
			isa = PBXVariantGroup;
			children = (
				23B994C622BA7EBE005D82E8 /* Base */,
			);
			name = LaunchScreen.storyboard;
			sourceTree = "<group>";
		};
/* End PBXVariantGroup section */

/* Begin XCBuildConfiguration section */
		23B994D622BA7EBE005D82E8 /* Debug */ = {
			isa = XCBuildConfiguration;
			buildSettings = {
				ALWAYS_SEARCH_USER_PATHS = NO;
				CLANG_ANALYZER_NONNULL = YES;
				CLANG_ANALYZER_NUMBER_OBJECT_CONVERSION = YES_AGGRESSIVE;
				CLANG_CXX_LANGUAGE_STANDARD = "gnu++14";
				CLANG_CXX_LIBRARY = "libc++";
				CLANG_ENABLE_MODULES = YES;
				CLANG_ENABLE_OBJC_ARC = YES;
				CLANG_ENABLE_OBJC_WEAK = YES;
				CLANG_WARN_BLOCK_CAPTURE_AUTORELEASING = YES;
				CLANG_WARN_BOOL_CONVERSION = YES;
				CLANG_WARN_COMMA = YES;
				CLANG_WARN_CONSTANT_CONVERSION = YES;
				CLANG_WARN_DEPRECATED_OBJC_IMPLEMENTATIONS = YES;
				CLANG_WARN_DIRECT_OBJC_ISA_USAGE = YES_ERROR;
				CLANG_WARN_DOCUMENTATION_COMMENTS = YES;
				CLANG_WARN_EMPTY_BODY = YES;
				CLANG_WARN_ENUM_CONVERSION = YES;
				CLANG_WARN_INFINITE_RECURSION = YES;
				CLANG_WARN_INT_CONVERSION = YES;
				CLANG_WARN_NON_LITERAL_NULL_CONVERSION = YES;
				CLANG_WARN_OBJC_IMPLICIT_RETAIN_SELF = YES;
				CLANG_WARN_OBJC_LITERAL_CONVERSION = YES;
				CLANG_WARN_OBJC_ROOT_CLASS = YES_ERROR;
				CLANG_WARN_RANGE_LOOP_ANALYSIS = YES;
				CLANG_WARN_STRICT_PROTOTYPES = YES;
				CLANG_WARN_SUSPICIOUS_MOVE = YES;
				CLANG_WARN_UNGUARDED_AVAILABILITY = YES_AGGRESSIVE;
				CLANG_WARN_UNREACHABLE_CODE = YES;
				CLANG_WARN__DUPLICATE_METHOD_MATCH = YES;
				CODE_SIGN_IDENTITY = "iPhone Developer";
				COPY_PHASE_STRIP = NO;
				DEBUG_INFORMATION_FORMAT = dwarf;
				ENABLE_STRICT_OBJC_MSGSEND = YES;
				ENABLE_TESTABILITY = YES;
				GCC_C_LANGUAGE_STANDARD = gnu11;
				GCC_DYNAMIC_NO_PIC = NO;
				GCC_NO_COMMON_BLOCKS = YES;
				GCC_OPTIMIZATION_LEVEL = 0;
				GCC_PREPROCESSOR_DEFINITIONS = (
					"DEBUG=1",
					"$(inherited)",
				);
				GCC_WARN_64_TO_32_BIT_CONVERSION = YES;
				GCC_WARN_ABOUT_RETURN_TYPE = YES_ERROR;
				GCC_WARN_UNDECLARED_SELECTOR = YES;
				GCC_WARN_UNINITIALIZED_AUTOS = YES_AGGRESSIVE;
				GCC_WARN_UNUSED_FUNCTION = YES;
				GCC_WARN_UNUSED_VARIABLE = YES;
				IPHONEOS_DEPLOYMENT_TARGET = 12.2;
				MTL_ENABLE_DEBUG_INFO = INCLUDE_SOURCE;
				MTL_FAST_MATH = YES;
				ONLY_ACTIVE_ARCH = YES;
				SDKROOT = iphoneos;
			};
			name = Debug;
		};
		23B994D722BA7EBE005D82E8 /* Release */ = {
			isa = XCBuildConfiguration;
			buildSettings = {
				ALWAYS_SEARCH_USER_PATHS = NO;
				CLANG_ANALYZER_NONNULL = YES;
				CLANG_ANALYZER_NUMBER_OBJECT_CONVERSION = YES_AGGRESSIVE;
				CLANG_CXX_LANGUAGE_STANDARD = "gnu++14";
				CLANG_CXX_LIBRARY = "libc++";
				CLANG_ENABLE_MODULES = YES;
				CLANG_ENABLE_OBJC_ARC = YES;
				CLANG_ENABLE_OBJC_WEAK = YES;
				CLANG_WARN_BLOCK_CAPTURE_AUTORELEASING = YES;
				CLANG_WARN_BOOL_CONVERSION = YES;
				CLANG_WARN_COMMA = YES;
				CLANG_WARN_CONSTANT_CONVERSION = YES;
				CLANG_WARN_DEPRECATED_OBJC_IMPLEMENTATIONS = YES;
				CLANG_WARN_DIRECT_OBJC_ISA_USAGE = YES_ERROR;
				CLANG_WARN_DOCUMENTATION_COMMENTS = YES;
				CLANG_WARN_EMPTY_BODY = YES;
				CLANG_WARN_ENUM_CONVERSION = YES;
				CLANG_WARN_INFINITE_RECURSION = YES;
				CLANG_WARN_INT_CONVERSION = YES;
				CLANG_WARN_NON_LITERAL_NULL_CONVERSION = YES;
				CLANG_WARN_OBJC_IMPLICIT_RETAIN_SELF = YES;
				CLANG_WARN_OBJC_LITERAL_CONVERSION = YES;
				CLANG_WARN_OBJC_ROOT_CLASS = YES_ERROR;
				CLANG_WARN_RANGE_LOOP_ANALYSIS = YES;
				CLANG_WARN_STRICT_PROTOTYPES = YES;
				CLANG_WARN_SUSPICIOUS_MOVE = YES;
				CLANG_WARN_UNGUARDED_AVAILABILITY = YES_AGGRESSIVE;
				CLANG_WARN_UNREACHABLE_CODE = YES;
				CLANG_WARN__DUPLICATE_METHOD_MATCH = YES;
				CODE_SIGN_IDENTITY = "iPhone Developer";
				COPY_PHASE_STRIP = NO;
				DEBUG_INFORMATION_FORMAT = "dwarf-with-dsym";
				ENABLE_NS_ASSERTIONS = NO;
				ENABLE_STRICT_OBJC_MSGSEND = YES;
				GCC_C_LANGUAGE_STANDARD = gnu11;
				GCC_NO_COMMON_BLOCKS = YES;
				GCC_WARN_64_TO_32_BIT_CONVERSION = YES;
				GCC_WARN_ABOUT_RETURN_TYPE = YES_ERROR;
				GCC_WARN_UNDECLARED_SELECTOR = YES;
				GCC_WARN_UNINITIALIZED_AUTOS = YES_AGGRESSIVE;
				GCC_WARN_UNUSED_FUNCTION = YES;
				GCC_WARN_UNUSED_VARIABLE = YES;
				IPHONEOS_DEPLOYMENT_TARGET = 12.2;
				MTL_ENABLE_DEBUG_INFO = NO;
				MTL_FAST_MATH = YES;
				SDKROOT = iphoneos;
				VALIDATE_PRODUCT = YES;
			};
			name = Release;
		};
		23B994D922BA7EBE005D82E8 /* Debug */ = {
			isa = XCBuildConfiguration;
			buildSettings = {
				ASSETCATALOG_COMPILER_APPICON_NAME = AppIcon;
				CODE_SIGN_STYLE = Automatic;
				DEVELOPMENT_TEAM = PWPUQDATJD;
				INFOPLIST_FILE = weather/Info.plist;
				LD_RUNPATH_SEARCH_PATHS = (
					"$(inherited)",
					"@executable_path/Frameworks",
				);
				PRODUCT_BUNDLE_IDENTIFIER = com.rockshassa.weather;
				PRODUCT_NAME = "$(TARGET_NAME)";
				TARGETED_DEVICE_FAMILY = "1,2";
			};
			name = Debug;
		};
		23B994DA22BA7EBE005D82E8 /* Release */ = {
			isa = XCBuildConfiguration;
			buildSettings = {
				ASSETCATALOG_COMPILER_APPICON_NAME = AppIcon;
				CODE_SIGN_STYLE = Automatic;
				DEVELOPMENT_TEAM = PWPUQDATJD;
				INFOPLIST_FILE = weather/Info.plist;
				LD_RUNPATH_SEARCH_PATHS = (
					"$(inherited)",
					"@executable_path/Frameworks",
				);
				PRODUCT_BUNDLE_IDENTIFIER = com.rockshassa.weather;
				PRODUCT_NAME = "$(TARGET_NAME)";
				TARGETED_DEVICE_FAMILY = "1,2";
			};
			name = Release;
		};
		23B994DC22BA7EBE005D82E8 /* Debug */ = {
			isa = XCBuildConfiguration;
			buildSettings = {
				BUNDLE_LOADER = "$(TEST_HOST)";
				CODE_SIGN_STYLE = Automatic;
				DEVELOPMENT_TEAM = PWPUQDATJD;
				INFOPLIST_FILE = weatherTests/Info.plist;
				LD_RUNPATH_SEARCH_PATHS = (
					"$(inherited)",
					"@executable_path/Frameworks",
					"@loader_path/Frameworks",
				);
				PRODUCT_BUNDLE_IDENTIFIER = com.rockshassa.weatherTests;
				PRODUCT_NAME = "$(TARGET_NAME)";
				TARGETED_DEVICE_FAMILY = "1,2";
				TEST_HOST = "$(BUILT_PRODUCTS_DIR)/weather.app/weather";
			};
			name = Debug;
		};
		23B994DD22BA7EBE005D82E8 /* Release */ = {
			isa = XCBuildConfiguration;
			buildSettings = {
				BUNDLE_LOADER = "$(TEST_HOST)";
				CODE_SIGN_STYLE = Automatic;
				DEVELOPMENT_TEAM = PWPUQDATJD;
				INFOPLIST_FILE = weatherTests/Info.plist;
				LD_RUNPATH_SEARCH_PATHS = (
					"$(inherited)",
					"@executable_path/Frameworks",
					"@loader_path/Frameworks",
				);
				PRODUCT_BUNDLE_IDENTIFIER = com.rockshassa.weatherTests;
				PRODUCT_NAME = "$(TARGET_NAME)";
				TARGETED_DEVICE_FAMILY = "1,2";
				TEST_HOST = "$(BUILT_PRODUCTS_DIR)/weather.app/weather";
			};
			name = Release;
		};
/* End XCBuildConfiguration section */

/* Begin XCConfigurationList section */
		23B994AF22BA7EBC005D82E8 /* Build configuration list for PBXProject "weather" */ = {
			isa = XCConfigurationList;
			buildConfigurations = (
				23B994D622BA7EBE005D82E8 /* Debug */,
				23B994D722BA7EBE005D82E8 /* Release */,
			);
			defaultConfigurationIsVisible = 0;
			defaultConfigurationName = Release;
		};
		23B994D822BA7EBE005D82E8 /* Build configuration list for PBXNativeTarget "weather" */ = {
			isa = XCConfigurationList;
			buildConfigurations = (
				23B994D922BA7EBE005D82E8 /* Debug */,
				23B994DA22BA7EBE005D82E8 /* Release */,
			);
			defaultConfigurationIsVisible = 0;
			defaultConfigurationName = Release;
		};
		23B994DB22BA7EBE005D82E8 /* Build configuration list for PBXNativeTarget "weatherTests" */ = {
			isa = XCConfigurationList;
			buildConfigurations = (
				23B994DC22BA7EBE005D82E8 /* Debug */,
				23B994DD22BA7EBE005D82E8 /* Release */,
			);
			defaultConfigurationIsVisible = 0;
			defaultConfigurationName = Release;
		};
/* End XCConfigurationList section */

/* Begin XCVersionGroup section */
		23B994C022BA7EBC005D82E8 /* weather.xcdatamodeld */ = {
			isa = XCVersionGroup;
			children = (
				23B994C122BA7EBC005D82E8 /* weather.xcdatamodel */,
			);
			currentVersion = 23B994C122BA7EBC005D82E8 /* weather.xcdatamodel */;
			path = weather.xcdatamodeld;
			sourceTree = "<group>";
			versionGroupType = wrapper.xcdatamodel;
		};
/* End XCVersionGroup section */
	};
	rootObject = 23B994AC22BA7EBC005D82E8 /* Project object */;
}
